
Microsoft Visual Studio Solution File, Format Version 12.00
# Visual Studio Version 16
VisualStudioVersion = 16.0.31402.337
MinimumVisualStudioVersion = 10.0.40219.1
Project("{FAE04EC0-301F-11D3-BF4B-00C04F79EFBC}") = "WorkingWithFiles5", "WorkingWithFiles5\WorkingWithFiles5.csproj", "{2AD21277-5118-4925-847D-A4C2C946E73B}"
EndProject
Global
	GlobalSection(SolutionConfigurationPlatforms) = preSolution
		Debug|Any CPU = Debug|Any CPU
		Release|Any CPU = Release|Any CPU
	EndGlobalSection
	GlobalSection(ProjectConfigurationPlatforms) = postSolution
		{2AD21277-5118-4925-847D-A4C2C946E73B}.Debug|Any CPU.ActiveCfg = Debug|Any CPU
		{2AD21277-5118-4925-847D-A4C2C946E73B}.Debug|Any CPU.Build.0 = Debug|Any CPU
		{2AD21277-5118-4925-847D-A4C2C946E73B}.Release|Any CPU.ActiveCfg = Release|Any CPU
		{2AD21277-5118-4925-847D-A4C2C946E73B}.Release|Any CPU.Build.0 = Release|Any CPU
	EndGlobalSection
	GlobalSection(SolutionProperties) = preSolution
		HideSolutionNode = FALSE
	EndGlobalSection
	GlobalSection(ExtensibilityGlobals) = postSolution
		SolutionGuid = {E30A7D37-9660-4046-B37F-EE7300A1D158}
	EndGlobalSection
EndGlobal
